
Microsoft Visual Studio Solution File, Format Version 12.00
# Visual Studio Version 17
VisualStudioVersion = 17.5.33414.496
MinimumVisualStudioVersion = 10.0.40219.1
Project("{FAE04EC0-301F-11D3-BF4B-00C04F79EFBC}") = "TP_MOD12_1302210125", "TP_MOD12_1302210125\TP_MOD12_1302210125.csproj", "{8103F4FC-250F-44C4-9C09-414C489DF491}"
EndProject
Project("{FAE04EC0-301F-11D3-BF4B-00C04F79EFBC}") = "Testing_1302210125", "Testing_1302210125\Testing_1302210125.csproj", "{6D882BA6-C1AF-4400-A6E8-7497FC37FB53}"
EndProject
Global
	GlobalSection(SolutionConfigurationPlatforms) = preSolution
		Debug|Any CPU = Debug|Any CPU
		Release|Any CPU = Release|Any CPU
	EndGlobalSection
	GlobalSection(ProjectConfigurationPlatforms) = postSolution
		{8103F4FC-250F-44C4-9C09-414C489DF491}.Debug|Any CPU.ActiveCfg = Debug|Any CPU
		{8103F4FC-250F-44C4-9C09-414C489DF491}.Debug|Any CPU.Build.0 = Debug|Any CPU
		{8103F4FC-250F-44C4-9C09-414C489DF491}.Release|Any CPU.ActiveCfg = Release|Any CPU
		{8103F4FC-250F-44C4-9C09-414C489DF491}.Release|Any CPU.Build.0 = Release|Any CPU
		{6D882BA6-C1AF-4400-A6E8-7497FC37FB53}.Debug|Any CPU.ActiveCfg = Debug|Any CPU
		{6D882BA6-C1AF-4400-A6E8-7497FC37FB53}.Debug|Any CPU.Build.0 = Debug|Any CPU
		{6D882BA6-C1AF-4400-A6E8-7497FC37FB53}.Release|Any CPU.ActiveCfg = Release|Any CPU
		{6D882BA6-C1AF-4400-A6E8-7497FC37FB53}.Release|Any CPU.Build.0 = Release|Any CPU
	EndGlobalSection
	GlobalSection(SolutionProperties) = preSolution
		HideSolutionNode = FALSE
	EndGlobalSection
	GlobalSection(ExtensibilityGlobals) = postSolution
		SolutionGuid = {F235133D-18B5-416E-8808-E5C462B0B8A6}
	EndGlobalSection
EndGlobal
